# This file is autogenerated, do not edit; changes may be undone by the next 'dep ensure'.


[[projects]]
  branch = "master"
  name = "github.com/aodin/date"
  packages = ["."]
  revision = "c5f6146fc644cedc004c6d9e419094a60a6f653e"

[solve-meta]
  analyzer-name = "dep"
  analyzer-version = 1
  inputs-digest = "7140828bd9817f5ff69673c0b48e2163e882178cd8d436282e6671742a65175a"
  solver-name = "gps-cdcl"
  solver-version = 1
